
Microsoft Visual Studio Solution File, Format Version 12.00
# Visual Studio 15
VisualStudioVersion = 15.0.27130.0
MinimumVisualStudioVersion = 10.0.40219.1
Project("{9A19103F-16F7-4668-BE54-9A1E7A4F7556}") = "OS.Core.Queues", "src\OS.Core.Queues\OS.Core.Queues.csproj", "{70DDE2B8-F6E0-460E-9ED4-51F4ACDA98AF}"
EndProject
Project("{9A19103F-16F7-4668-BE54-9A1E7A4F7556}") = "OS.Core.WebJobs", "src\OS.Core.WebJobs\OS.Core.WebJobs.csproj", "{BD366631-F270-471B-A02C-5D7A2AA360E5}"
EndProject
Project("{9A19103F-16F7-4668-BE54-9A1E7A4F7556}") = "OS.Core.Hosting", "src\OS.Core.Hosting\OS.Core.Hosting.csproj", "{6589FEAD-46BB-4D69-8C1A-EEA7D2F76077}"
EndProject
Project("{9A19103F-16F7-4668-BE54-9A1E7A4F7556}") = "OS.Core.Logging", "src\OS.Core.Logging\OS.Core.Logging.csproj", "{75E84423-8F72-488A-A08D-2326F4598788}"
EndProject
Project("{9A19103F-16F7-4668-BE54-9A1E7A4F7556}") = "OS.Core.Queries", "src\OS.Core.Queries\OS.Core.Queries.csproj", "{58FFFC0F-F54B-4EC0-AB59-0AD026E6DDEA}"
EndProject
Project("{9A19103F-16F7-4668-BE54-9A1E7A4F7556}") = "OS.Core.Api", "src\OS.Core.Api\OS.Core.Api.csproj", "{5AE478DC-5997-4790-97C8-C281DE180977}"
EndProject
Project("{9A19103F-16F7-4668-BE54-9A1E7A4F7556}") = "OS.Core.Api.IntegrationTests", "test\OS.Core.Api.IntegrationTests\OS.Core.Api.IntegrationTests.csproj", "{D6EF1C50-4A2A-4BB9-827B-ACB34A8AD51A}"
EndProject
Project("{9A19103F-16F7-4668-BE54-9A1E7A4F7556}") = "OS.Core.Api.UnitTests", "test\OS.Core.Api.UnitTests\OS.Core.Api.UnitTests.csproj", "{BC3BEFD0-6447-4606-BE7A-830137FCEC54}"
EndProject
Project("{9A19103F-16F7-4668-BE54-9A1E7A4F7556}") = "OS.Core.Queries.UnitTests", "test\OS.Core.Queries.UnitTests\OS.Core.Queries.UnitTests.csproj", "{06B76E13-E96D-4B5B-9A19-8C8C25D11C60}"
EndProject
Project("{FAE04EC0-301F-11D3-BF4B-00C04F79EFBC}") = "OS.Core", "src\OS.Core\OS.Core.csproj", "{EF4EF04C-B23A-4956-A63A-D21817AC3E0C}"
EndProject
Global
	GlobalSection(SolutionConfigurationPlatforms) = preSolution
		Debug|Any CPU = Debug|Any CPU
		Release|Any CPU = Release|Any CPU
	EndGlobalSection
	GlobalSection(ProjectConfigurationPlatforms) = postSolution
		{70DDE2B8-F6E0-460E-9ED4-51F4ACDA98AF}.Debug|Any CPU.ActiveCfg = Debug|Any CPU
		{70DDE2B8-F6E0-460E-9ED4-51F4ACDA98AF}.Debug|Any CPU.Build.0 = Debug|Any CPU
		{70DDE2B8-F6E0-460E-9ED4-51F4ACDA98AF}.Release|Any CPU.ActiveCfg = Release|Any CPU
		{70DDE2B8-F6E0-460E-9ED4-51F4ACDA98AF}.Release|Any CPU.Build.0 = Release|Any CPU
		{BD366631-F270-471B-A02C-5D7A2AA360E5}.Debug|Any CPU.ActiveCfg = Debug|Any CPU
		{BD366631-F270-471B-A02C-5D7A2AA360E5}.Debug|Any CPU.Build.0 = Debug|Any CPU
		{BD366631-F270-471B-A02C-5D7A2AA360E5}.Release|Any CPU.ActiveCfg = Release|Any CPU
		{BD366631-F270-471B-A02C-5D7A2AA360E5}.Release|Any CPU.Build.0 = Release|Any CPU
		{6589FEAD-46BB-4D69-8C1A-EEA7D2F76077}.Debug|Any CPU.ActiveCfg = Debug|Any CPU
		{6589FEAD-46BB-4D69-8C1A-EEA7D2F76077}.Debug|Any CPU.Build.0 = Debug|Any CPU
		{6589FEAD-46BB-4D69-8C1A-EEA7D2F76077}.Release|Any CPU.ActiveCfg = Release|Any CPU
		{6589FEAD-46BB-4D69-8C1A-EEA7D2F76077}.Release|Any CPU.Build.0 = Release|Any CPU
		{75E84423-8F72-488A-A08D-2326F4598788}.Debug|Any CPU.ActiveCfg = Debug|Any CPU
		{75E84423-8F72-488A-A08D-2326F4598788}.Debug|Any CPU.Build.0 = Debug|Any CPU
		{75E84423-8F72-488A-A08D-2326F4598788}.Release|Any CPU.ActiveCfg = Release|Any CPU
		{75E84423-8F72-488A-A08D-2326F4598788}.Release|Any CPU.Build.0 = Release|Any CPU
		{58FFFC0F-F54B-4EC0-AB59-0AD026E6DDEA}.Debug|Any CPU.ActiveCfg = Debug|Any CPU
		{58FFFC0F-F54B-4EC0-AB59-0AD026E6DDEA}.Debug|Any CPU.Build.0 = Debug|Any CPU
		{58FFFC0F-F54B-4EC0-AB59-0AD026E6DDEA}.Release|Any CPU.ActiveCfg = Release|Any CPU
		{58FFFC0F-F54B-4EC0-AB59-0AD026E6DDEA}.Release|Any CPU.Build.0 = Release|Any CPU
		{5AE478DC-5997-4790-97C8-C281DE180977}.Debug|Any CPU.ActiveCfg = Debug|Any CPU
		{5AE478DC-5997-4790-97C8-C281DE180977}.Debug|Any CPU.Build.0 = Debug|Any CPU
		{5AE478DC-5997-4790-97C8-C281DE180977}.Release|Any CPU.ActiveCfg = Release|Any CPU
		{5AE478DC-5997-4790-97C8-C281DE180977}.Release|Any CPU.Build.0 = Release|Any CPU
		{D6EF1C50-4A2A-4BB9-827B-ACB34A8AD51A}.Debug|Any CPU.ActiveCfg = Debug|Any CPU
		{D6EF1C50-4A2A-4BB9-827B-ACB34A8AD51A}.Debug|Any CPU.Build.0 = Debug|Any CPU
		{D6EF1C50-4A2A-4BB9-827B-ACB34A8AD51A}.Release|Any CPU.ActiveCfg = Release|Any CPU
		{D6EF1C50-4A2A-4BB9-827B-ACB34A8AD51A}.Release|Any CPU.Build.0 = Release|Any CPU
		{BC3BEFD0-6447-4606-BE7A-830137FCEC54}.Debug|Any CPU.ActiveCfg = Debug|Any CPU
		{BC3BEFD0-6447-4606-BE7A-830137FCEC54}.Debug|Any CPU.Build.0 = Debug|Any CPU
		{BC3BEFD0-6447-4606-BE7A-830137FCEC54}.Release|Any CPU.ActiveCfg = Release|Any CPU
		{BC3BEFD0-6447-4606-BE7A-830137FCEC54}.Release|Any CPU.Build.0 = Release|Any CPU
		{06B76E13-E96D-4B5B-9A19-8C8C25D11C60}.Debug|Any CPU.ActiveCfg = Debug|Any CPU
		{06B76E13-E96D-4B5B-9A19-8C8C25D11C60}.Debug|Any CPU.Build.0 = Debug|Any CPU
		{06B76E13-E96D-4B5B-9A19-8C8C25D11C60}.Release|Any CPU.ActiveCfg = Release|Any CPU
		{06B76E13-E96D-4B5B-9A19-8C8C25D11C60}.Release|Any CPU.Build.0 = Release|Any CPU
		{EF4EF04C-B23A-4956-A63A-D21817AC3E0C}.Debug|Any CPU.ActiveCfg = Debug|Any CPU
		{EF4EF04C-B23A-4956-A63A-D21817AC3E0C}.Debug|Any CPU.Build.0 = Debug|Any CPU
		{EF4EF04C-B23A-4956-A63A-D21817AC3E0C}.Release|Any CPU.ActiveCfg = Release|Any CPU
		{EF4EF04C-B23A-4956-A63A-D21817AC3E0C}.Release|Any CPU.Build.0 = Release|Any CPU
	EndGlobalSection
	GlobalSection(SolutionProperties) = preSolution
		HideSolutionNode = FALSE
	EndGlobalSection
	GlobalSection(ExtensibilityGlobals) = postSolution
		SolutionGuid = {46B74182-4E01-408C-99E1-D728792754E8}
	EndGlobalSection
EndGlobal
